// !$*UTF8*$!
{
	archiveVersion = 1;
	classes = {
	};
	objectVersion = 46;
	objects = {

/* Begin PBXBuildFile section */
		CAB88E39191E192E00EA681C /* main.cpp in Sources */ = {isa = PBXBuildFile; fileRef = CAB88E38191E192E00EA681C /* main.cpp */; };
		CAB88E3B191E192E00EA681C /* PATA1034.1 in CopyFiles */ = {isa = PBXBuildFile; fileRef = CAB88E3A191E192E00EA681C /* PATA1034.1 */; };
/* End PBXBuildFile section */

/* Begin PBXCopyFilesBuildPhase section */
		CAB88E33191E192E00EA681C /* CopyFiles */ = {
			isa = PBXCopyFilesBuildPhase;
			buildActionMask = 2147483647;
			dstPath = /usr/share/man/man1/;
			dstSubfolderSpec = 0;
			files = (
				CAB88E3B191E192E00EA681C /* PATA1034.1 in CopyFiles */,
			);
			runOnlyForDeploymentPostprocessing = 1;
		};
/* End PBXCopyFilesBuildPhase section */

/* Begin PBXFileReference section */
		CAB88E35191E192E00EA681C /* PATA1034 */ = {isa = PBXFileReference; explicitFileType = "compiled.mach-o.executable"; includeInIndex = 0; path = PATA1034; sourceTree = BUILT_PRODUCTS_DIR; };
		CAB88E38191E192E00EA681C /* main.cpp */ = {isa = PBXFileReference; lastKnownFileType = sourcecode.cpp.cpp; path = main.cpp; sourceTree = "<group>"; };
		CAB88E3A191E192E00EA681C /* PATA1034.1 */ = {isa = PBXFileReference; lastKnownFileType = text.man; path = PATA1034.1; sourceTree = "<group>"; };
/* End PBXFileReference section */

/* Begin PBXFrameworksBuildPhase section */
		CAB88E32191E192E00EA681C /* Frameworks */ = {
			isa = PBXFrameworksBuildPhase;
			buildActionMask = 2147483647;
			files = (
			);
			runOnlyForDeploymentPostprocessing = 0;
		};
/* End PBXFrameworksBuildPhase section */

/* Begin PBXGroup section */
		CAB88E2C191E192E00EA681C = {
			isa = PBXGroup;
			children = (
				CAB88E37191E192E00EA681C /* PATA1034 */,
				CAB88E36191E192E00EA681C /* Products */,
			);
			sourceTree = "<group>";
		};
		CAB88E36191E192E00EA681C /* Products */ = {
			isa = PBXGroup;
			children = (
				CAB88E35191E192E00EA681C /* PATA1034 */,
			);
			name = Products;
			sourceTree = "<group>";
		};
		CAB88E37191E192E00EA681C /* PATA1034 */ = {
			isa = PBXGroup;
			children = (
				CAB88E38191E192E00EA681C /* main.cpp */,
				CAB88E3A191E192E00EA681C /* PATA1034.1 */,
			);
			path = PATA1034;
			sourceTree = "<group>";
		};
/* End PBXGroup section */

/* Begin PBXNativeTarget section */
		CAB88E34191E192E00EA681C /* PATA1034 */ = {
			isa = PBXNativeTarget;
			buildConfigurationList = CAB88E3E191E192E00EA681C /* Build configuration list for PBXNativeTarget "PATA1034" */;
			buildPhases = (
				CAB88E31191E192E00EA681C /* Sources */,
				CAB88E32191E192E00EA681C /* Frameworks */,
				CAB88E33191E192E00EA681C /* CopyFiles */,
			);
			buildRules = (
			);
			dependencies = (
			);
			name = PATA1034;
			productName = PATA1034;
			productReference = CAB88E35191E192E00EA681C /* PATA1034 */;
			productType = "com.apple.product-type.tool";
		};
/* End PBXNativeTarget section */

/* Begin PBXProject section */
		CAB88E2D191E192E00EA681C /* Project object */ = {
			isa = PBXProject;
			attributes = {
				LastUpgradeCheck = 0510;
				ORGANIZATIONNAME = "David Huang";
			};
			buildConfigurationList = CAB88E30191E192E00EA681C /* Build configuration list for PBXProject "PATA1034" */;
			compatibilityVersion = "Xcode 3.2";
			developmentRegion = English;
			hasScannedForEncodings = 0;
			knownRegions = (
				en,
			);
			mainGroup = CAB88E2C191E192E00EA681C;
			productRefGroup = CAB88E36191E192E00EA681C /* Products */;
			projectDirPath = "";
			projectRoot = "";
			targets = (
				CAB88E34191E192E00EA681C /* PATA1034 */,
			);
		};
/* End PBXProject section */

/* Begin PBXSourcesBuildPhase section */
		CAB88E31191E192E00EA681C /* Sources */ = {
			isa = PBXSourcesBuildPhase;
			buildActionMask = 2147483647;
			files = (
				CAB88E39191E192E00EA681C /* main.cpp in Sources */,
			);
			runOnlyForDeploymentPostprocessing = 0;
		};
/* End PBXSourcesBuildPhase section */

/* Begin XCBuildConfiguration section */
		CAB88E3C191E192E00EA681C /* Debug */ = {
			isa = XCBuildConfiguration;
			buildSettings = {
				ALWAYS_SEARCH_USER_PATHS = NO;
				CLANG_CXX_LANGUAGE_STANDARD = "gnu++0x";
				CLANG_CXX_LIBRARY = "libc++";
				CLANG_ENABLE_MODULES = YES;
				CLANG_ENABLE_OBJC_ARC = YES;
				CLANG_WARN_BOOL_CONVERSION = YES;
				CLANG_WARN_CONSTANT_CONVERSION = YES;
				CLANG_WARN_DIRECT_OBJC_ISA_USAGE = YES_ERROR;
				CLANG_WARN_EMPTY_BODY = YES;
				CLANG_WARN_ENUM_CONVERSION = YES;
				CLANG_WARN_INT_CONVERSION = YES;
				CLANG_WARN_OBJC_ROOT_CLASS = YES_ERROR;
				CLANG_WARN__DUPLICATE_METHOD_MATCH = YES;
				COPY_PHASE_STRIP = NO;
				GCC_C_LANGUAGE_STANDARD = gnu99;
				GCC_DYNAMIC_NO_PIC = NO;
				GCC_ENABLE_OBJC_EXCEPTIONS = YES;
				GCC_OPTIMIZATION_LEVEL = 0;
				GCC_PREPROCESSOR_DEFINITIONS = (
					"DEBUG=1",
					"$(inherited)",
				);
				GCC_SYMBOLS_PRIVATE_EXTERN = NO;
				GCC_WARN_64_TO_32_BIT_CONVERSION = YES;
				GCC_WARN_ABOUT_RETURN_TYPE = YES_ERROR;
				GCC_WARN_UNDECLARED_SELECTOR = YES;
				GCC_WARN_UNINITIALIZED_AUTOS = YES_AGGRESSIVE;
				GCC_WARN_UNUSED_FUNCTION = YES;
				GCC_WARN_UNUSED_VARIABLE = YES;
				MACOSX_DEPLOYMENT_TARGET = 10.9;
				ONLY_ACTIVE_ARCH = YES;
				SDKROOT = macosx;
			};
			name = Debug;
		};
		CAB88E3D191E192E00EA681C /* Release */ = {
			isa = XCBuildConfiguration;
			buildSettings = {
				ALWAYS_SEARCH_USER_PATHS = NO;
				CLANG_CXX_LANGUAGE_STANDARD = "gnu++0x";
				CLANG_CXX_LIBRARY = "libc++";
				CLANG_ENABLE_MODULES = YES;
				CLANG_ENABLE_OBJC_ARC = YES;
				CLANG_WARN_BOOL_CONVERSION = YES;
				CLANG_WARN_CONSTANT_CONVERSION = YES;
				CLANG_WARN_DIRECT_OBJC_ISA_USAGE = YES_ERROR;
				CLANG_WARN_EMPTY_BODY = YES;
				CLANG_WARN_ENUM_CONVERSION = YES;
				CLANG_WARN_INT_CONVERSION = YES;
				CLANG_WARN_OBJC_ROOT_CLASS = YES_ERROR;
				CLANG_WARN__DUPLICATE_METHOD_MATCH = YES;
				COPY_PHASE_STRIP = YES;
				DEBUG_INFORMATION_FORMAT = "dwarf-with-dsym";
				ENABLE_NS_ASSERTIONS = NO;
				GCC_C_LANGUAGE_STANDARD = gnu99;
				GCC_ENABLE_OBJC_EXCEPTIONS = YES;
				GCC_WARN_64_TO_32_BIT_CONVERSION = YES;
				GCC_WARN_ABOUT_RETURN_TYPE = YES_ERROR;
				GCC_WARN_UNDECLARED_SELECTOR = YES;
				GCC_WARN_UNINITIALIZED_AUTOS = YES_AGGRESSIVE;
				GCC_WARN_UNUSED_FUNCTION = YES;
				GCC_WARN_UNUSED_VARIABLE = YES;
				MACOSX_DEPLOYMENT_TARGET = 10.9;
				SDKROOT = macosx;
			};
			name = Release;
		};
		CAB88E3F191E192E00EA681C /* Debug */ = {
			isa = XCBuildConfiguration;
			buildSettings = {
				PRODUCT_NAME = "$(TARGET_NAME)";
			};
			name = Debug;
		};
		CAB88E40191E192E00EA681C /* Release */ = {
			isa = XCBuildConfiguration;
			buildSettings = {
				PRODUCT_NAME = "$(TARGET_NAME)";
			};
			name = Release;
		};
/* End XCBuildConfiguration section */

/* Begin XCConfigurationList section */
		CAB88E30191E192E00EA681C /* Build configuration list for PBXProject "PATA1034" */ = {
			isa = XCConfigurationList;
			buildConfigurations = (
				CAB88E3C191E192E00EA681C /* Debug */,
				CAB88E3D191E192E00EA681C /* Release */,
			);
			defaultConfigurationIsVisible = 0;
			defaultConfigurationName = Release;
		};
		CAB88E3E191E192E00EA681C /* Build configuration list for PBXNativeTarget "PATA1034" */ = {
			isa = XCConfigurationList;
			buildConfigurations = (
				CAB88E3F191E192E00EA681C /* Debug */,
				CAB88E40191E192E00EA681C /* Release */,
			);
			defaultConfigurationIsVisible = 0;
		};
/* End XCConfigurationList section */
	};
	rootObject = CAB88E2D191E192E00EA681C /* Project object */;
}
