// !$*UTF8*$!
{
	archiveVersion = 1;
	classes = {
	};
	objectVersion = 46;
	objects = {

/* Begin PBXBuildFile section */
		CA39F33019243EAF005AA369 /* main.cpp in Sources */ = {isa = PBXBuildFile; fileRef = CA39F32F19243EAF005AA369 /* main.cpp */; };
		CA39F33219243EAF005AA369 /* PATA1040.1 in CopyFiles */ = {isa = PBXBuildFile; fileRef = CA39F33119243EAF005AA369 /* PATA1040.1 */; };
/* End PBXBuildFile section */

/* Begin PBXCopyFilesBuildPhase section */
		CA39F32A19243EAF005AA369 /* CopyFiles */ = {
			isa = PBXCopyFilesBuildPhase;
			buildActionMask = 2147483647;
			dstPath = /usr/share/man/man1/;
			dstSubfolderSpec = 0;
			files = (
				CA39F33219243EAF005AA369 /* PATA1040.1 in CopyFiles */,
			);
			runOnlyForDeploymentPostprocessing = 1;
		};
/* End PBXCopyFilesBuildPhase section */

/* Begin PBXFileReference section */
		CA39F32C19243EAF005AA369 /* PATA1040 */ = {isa = PBXFileReference; explicitFileType = "compiled.mach-o.executable"; includeInIndex = 0; path = PATA1040; sourceTree = BUILT_PRODUCTS_DIR; };
		CA39F32F19243EAF005AA369 /* main.cpp */ = {isa = PBXFileReference; lastKnownFileType = sourcecode.cpp.cpp; path = main.cpp; sourceTree = "<group>"; };
		CA39F33119243EAF005AA369 /* PATA1040.1 */ = {isa = PBXFileReference; lastKnownFileType = text.man; path = PATA1040.1; sourceTree = "<group>"; };
/* End PBXFileReference section */

/* Begin PBXFrameworksBuildPhase section */
		CA39F32919243EAF005AA369 /* Frameworks */ = {
			isa = PBXFrameworksBuildPhase;
			buildActionMask = 2147483647;
			files = (
			);
			runOnlyForDeploymentPostprocessing = 0;
		};
/* End PBXFrameworksBuildPhase section */

/* Begin PBXGroup section */
		CA39F32319243EAF005AA369 = {
			isa = PBXGroup;
			children = (
				CA39F32E19243EAF005AA369 /* PATA1040 */,
				CA39F32D19243EAF005AA369 /* Products */,
			);
			sourceTree = "<group>";
		};
		CA39F32D19243EAF005AA369 /* Products */ = {
			isa = PBXGroup;
			children = (
				CA39F32C19243EAF005AA369 /* PATA1040 */,
			);
			name = Products;
			sourceTree = "<group>";
		};
		CA39F32E19243EAF005AA369 /* PATA1040 */ = {
			isa = PBXGroup;
			children = (
				CA39F32F19243EAF005AA369 /* main.cpp */,
				CA39F33119243EAF005AA369 /* PATA1040.1 */,
			);
			path = PATA1040;
			sourceTree = "<group>";
		};
/* End PBXGroup section */

/* Begin PBXNativeTarget section */
		CA39F32B19243EAF005AA369 /* PATA1040 */ = {
			isa = PBXNativeTarget;
			buildConfigurationList = CA39F33519243EAF005AA369 /* Build configuration list for PBXNativeTarget "PATA1040" */;
			buildPhases = (
				CA39F32819243EAF005AA369 /* Sources */,
				CA39F32919243EAF005AA369 /* Frameworks */,
				CA39F32A19243EAF005AA369 /* CopyFiles */,
			);
			buildRules = (
			);
			dependencies = (
			);
			name = PATA1040;
			productName = PATA1040;
			productReference = CA39F32C19243EAF005AA369 /* PATA1040 */;
			productType = "com.apple.product-type.tool";
		};
/* End PBXNativeTarget section */

/* Begin PBXProject section */
		CA39F32419243EAF005AA369 /* Project object */ = {
			isa = PBXProject;
			attributes = {
				LastUpgradeCheck = 0510;
				ORGANIZATIONNAME = "David Huang";
			};
			buildConfigurationList = CA39F32719243EAF005AA369 /* Build configuration list for PBXProject "PATA1040" */;
			compatibilityVersion = "Xcode 3.2";
			developmentRegion = English;
			hasScannedForEncodings = 0;
			knownRegions = (
				en,
			);
			mainGroup = CA39F32319243EAF005AA369;
			productRefGroup = CA39F32D19243EAF005AA369 /* Products */;
			projectDirPath = "";
			projectRoot = "";
			targets = (
				CA39F32B19243EAF005AA369 /* PATA1040 */,
			);
		};
/* End PBXProject section */

/* Begin PBXSourcesBuildPhase section */
		CA39F32819243EAF005AA369 /* Sources */ = {
			isa = PBXSourcesBuildPhase;
			buildActionMask = 2147483647;
			files = (
				CA39F33019243EAF005AA369 /* main.cpp in Sources */,
			);
			runOnlyForDeploymentPostprocessing = 0;
		};
/* End PBXSourcesBuildPhase section */

/* Begin XCBuildConfiguration section */
		CA39F33319243EAF005AA369 /* Debug */ = {
			isa = XCBuildConfiguration;
			buildSettings = {
				ALWAYS_SEARCH_USER_PATHS = NO;
				CLANG_CXX_LANGUAGE_STANDARD = "gnu++0x";
				CLANG_CXX_LIBRARY = "libc++";
				CLANG_ENABLE_MODULES = YES;
				CLANG_ENABLE_OBJC_ARC = YES;
				CLANG_WARN_BOOL_CONVERSION = YES;
				CLANG_WARN_CONSTANT_CONVERSION = YES;
				CLANG_WARN_DIRECT_OBJC_ISA_USAGE = YES_ERROR;
				CLANG_WARN_EMPTY_BODY = YES;
				CLANG_WARN_ENUM_CONVERSION = YES;
				CLANG_WARN_INT_CONVERSION = YES;
				CLANG_WARN_OBJC_ROOT_CLASS = YES_ERROR;
				CLANG_WARN__DUPLICATE_METHOD_MATCH = YES;
				COPY_PHASE_STRIP = NO;
				GCC_C_LANGUAGE_STANDARD = gnu99;
				GCC_DYNAMIC_NO_PIC = NO;
				GCC_ENABLE_OBJC_EXCEPTIONS = YES;
				GCC_OPTIMIZATION_LEVEL = 0;
				GCC_PREPROCESSOR_DEFINITIONS = (
					"DEBUG=1",
					"$(inherited)",
				);
				GCC_SYMBOLS_PRIVATE_EXTERN = NO;
				GCC_WARN_64_TO_32_BIT_CONVERSION = YES;
				GCC_WARN_ABOUT_RETURN_TYPE = YES_ERROR;
				GCC_WARN_UNDECLARED_SELECTOR = YES;
				GCC_WARN_UNINITIALIZED_AUTOS = YES_AGGRESSIVE;
				GCC_WARN_UNUSED_FUNCTION = YES;
				GCC_WARN_UNUSED_VARIABLE = YES;
				MACOSX_DEPLOYMENT_TARGET = 10.9;
				ONLY_ACTIVE_ARCH = YES;
				SDKROOT = macosx;
			};
			name = Debug;
		};
		CA39F33419243EAF005AA369 /* Release */ = {
			isa = XCBuildConfiguration;
			buildSettings = {
				ALWAYS_SEARCH_USER_PATHS = NO;
				CLANG_CXX_LANGUAGE_STANDARD = "gnu++0x";
				CLANG_CXX_LIBRARY = "libc++";
				CLANG_ENABLE_MODULES = YES;
				CLANG_ENABLE_OBJC_ARC = YES;
				CLANG_WARN_BOOL_CONVERSION = YES;
				CLANG_WARN_CONSTANT_CONVERSION = YES;
				CLANG_WARN_DIRECT_OBJC_ISA_USAGE = YES_ERROR;
				CLANG_WARN_EMPTY_BODY = YES;
				CLANG_WARN_ENUM_CONVERSION = YES;
				CLANG_WARN_INT_CONVERSION = YES;
				CLANG_WARN_OBJC_ROOT_CLASS = YES_ERROR;
				CLANG_WARN__DUPLICATE_METHOD_MATCH = YES;
				COPY_PHASE_STRIP = YES;
				DEBUG_INFORMATION_FORMAT = "dwarf-with-dsym";
				ENABLE_NS_ASSERTIONS = NO;
				GCC_C_LANGUAGE_STANDARD = gnu99;
				GCC_ENABLE_OBJC_EXCEPTIONS = YES;
				GCC_WARN_64_TO_32_BIT_CONVERSION = YES;
				GCC_WARN_ABOUT_RETURN_TYPE = YES_ERROR;
				GCC_WARN_UNDECLARED_SELECTOR = YES;
				GCC_WARN_UNINITIALIZED_AUTOS = YES_AGGRESSIVE;
				GCC_WARN_UNUSED_FUNCTION = YES;
				GCC_WARN_UNUSED_VARIABLE = YES;
				MACOSX_DEPLOYMENT_TARGET = 10.9;
				SDKROOT = macosx;
			};
			name = Release;
		};
		CA39F33619243EAF005AA369 /* Debug */ = {
			isa = XCBuildConfiguration;
			buildSettings = {
				PRODUCT_NAME = "$(TARGET_NAME)";
			};
			name = Debug;
		};
		CA39F33719243EAF005AA369 /* Release */ = {
			isa = XCBuildConfiguration;
			buildSettings = {
				PRODUCT_NAME = "$(TARGET_NAME)";
			};
			name = Release;
		};
/* End XCBuildConfiguration section */

/* Begin XCConfigurationList section */
		CA39F32719243EAF005AA369 /* Build configuration list for PBXProject "PATA1040" */ = {
			isa = XCConfigurationList;
			buildConfigurations = (
				CA39F33319243EAF005AA369 /* Debug */,
				CA39F33419243EAF005AA369 /* Release */,
			);
			defaultConfigurationIsVisible = 0;
			defaultConfigurationName = Release;
		};
		CA39F33519243EAF005AA369 /* Build configuration list for PBXNativeTarget "PATA1040" */ = {
			isa = XCConfigurationList;
			buildConfigurations = (
				CA39F33619243EAF005AA369 /* Debug */,
				CA39F33719243EAF005AA369 /* Release */,
			);
			defaultConfigurationIsVisible = 0;
		};
/* End XCConfigurationList section */
	};
	rootObject = CA39F32419243EAF005AA369 /* Project object */;
}
